// !$*UTF8*$!
{
	archiveVersion = 1;
	classes = {
	};
	objectVersion = 56;
	objects = {

/* Begin PBXBuildFile section */
		18D43E522C9431AB007F0DE9 /* SecureRequestApp.swift in Sources */ = {isa = PBXBuildFile; fileRef = 18D43E512C9431AB007F0DE9 /* SecureRequestApp.swift */; };
		18D43E542C9431AB007F0DE9 /* ContentView.swift in Sources */ = {isa = PBXBuildFile; fileRef = 18D43E532C9431AB007F0DE9 /* ContentView.swift */; };
		18D43E562C9431AD007F0DE9 /* Assets.xcassets in Resources */ = {isa = PBXBuildFile; fileRef = 18D43E552C9431AD007F0DE9 /* Assets.xcassets */; };
		18D43E592C9431AD007F0DE9 /* Preview Assets.xcassets in Resources */ = {isa = PBXBuildFile; fileRef = 18D43E582C9431AD007F0DE9 /* Preview Assets.xcassets */; };
		18D43E742C9437BF007F0DE9 /* LoginView.swift in Sources */ = {isa = PBXBuildFile; fileRef = 18D43E6D2C9437BF007F0DE9 /* LoginView.swift */; };
		18D43E752C9437BF007F0DE9 /* NoteDetailView.swift in Sources */ = {isa = PBXBuildFile; fileRef = 18D43E6E2C9437BF007F0DE9 /* NoteDetailView.swift */; };
		18D43E762C9437BF007F0DE9 /* Note.swift in Sources */ = {isa = PBXBuildFile; fileRef = 18D43E6F2C9437BF007F0DE9 /* Note.swift */; };
		18D43E772C9437BF007F0DE9 /* NotesListView.swift in Sources */ = {isa = PBXBuildFile; fileRef = 18D43E702C9437BF007F0DE9 /* NotesListView.swift */; };
		18D43E782C9437BF007F0DE9 /* RegistrationView.swift in Sources */ = {isa = PBXBuildFile; fileRef = 18D43E712C9437BF007F0DE9 /* RegistrationView.swift */; };
		18D43E792C9437BF007F0DE9 /* AddEditNoteView.swift in Sources */ = {isa = PBXBuildFile; fileRef = 18D43E722C9437BF007F0DE9 /* AddEditNoteView.swift */; };
		18D43E7A2C9437BF007F0DE9 /* NoteViewModel.swift in Sources */ = {isa = PBXBuildFile; fileRef = 18D43E732C9437BF007F0DE9 /* NoteViewModel.swift */; };
		18D43E7C2C9447EC007F0DE9 /* NetworkManager.swift in Sources */ = {isa = PBXBuildFile; fileRef = 18D43E7B2C9447EC007F0DE9 /* NetworkManager.swift */; };
		18D43E862C944D50007F0DE9 /* Constants.swift in Sources */ = {isa = PBXBuildFile; fileRef = 18D43E852C944D50007F0DE9 /* Constants.swift */; };
		18D43E882C944E1F007F0DE9 /* User.swift in Sources */ = {isa = PBXBuildFile; fileRef = 18D43E872C944E1F007F0DE9 /* User.swift */; };
		18D43E8A2C944F56007F0DE9 /* APIResponses.swift in Sources */ = {isa = PBXBuildFile; fileRef = 18D43E892C944F56007F0DE9 /* APIResponses.swift */; };
		18D43E8C2C9456D2007F0DE9 /* PasswordField.swift in Sources */ = {isa = PBXBuildFile; fileRef = 18D43E8B2C9456D2007F0DE9 /* PasswordField.swift */; };
		18D43E8E2C9461D3007F0DE9 /* AddNoteView.swift in Sources */ = {isa = PBXBuildFile; fileRef = 18D43E8D2C9461D3007F0DE9 /* AddNoteView.swift */; };
		18D43E902C947739007F0DE9 /* EditNoteView.swift in Sources */ = {isa = PBXBuildFile; fileRef = 18D43E8F2C947739007F0DE9 /* EditNoteView.swift */; };
/* End PBXBuildFile section */

/* Begin PBXFileReference section */
		18D43E4E2C9431AB007F0DE9 /* SecureRequest.app */ = {isa = PBXFileReference; explicitFileType = wrapper.application; includeInIndex = 0; path = SecureRequest.app; sourceTree = BUILT_PRODUCTS_DIR; };
		18D43E512C9431AB007F0DE9 /* SecureRequestApp.swift */ = {isa = PBXFileReference; lastKnownFileType = sourcecode.swift; path = SecureRequestApp.swift; sourceTree = "<group>"; };
		18D43E532C9431AB007F0DE9 /* ContentView.swift */ = {isa = PBXFileReference; lastKnownFileType = sourcecode.swift; path = ContentView.swift; sourceTree = "<group>"; };
		18D43E552C9431AD007F0DE9 /* Assets.xcassets */ = {isa = PBXFileReference; lastKnownFileType = folder.assetcatalog; path = Assets.xcassets; sourceTree = "<group>"; };
		18D43E582C9431AD007F0DE9 /* Preview Assets.xcassets */ = {isa = PBXFileReference; lastKnownFileType = folder.assetcatalog; path = "Preview Assets.xcassets"; sourceTree = "<group>"; };
		18D43E6D2C9437BF007F0DE9 /* LoginView.swift */ = {isa = PBXFileReference; fileEncoding = 4; lastKnownFileType = sourcecode.swift; path = LoginView.swift; sourceTree = "<group>"; };
		18D43E6E2C9437BF007F0DE9 /* NoteDetailView.swift */ = {isa = PBXFileReference; fileEncoding = 4; lastKnownFileType = sourcecode.swift; path = NoteDetailView.swift; sourceTree = "<group>"; };
		18D43E6F2C9437BF007F0DE9 /* Note.swift */ = {isa = PBXFileReference; fileEncoding = 4; lastKnownFileType = sourcecode.swift; path = Note.swift; sourceTree = "<group>"; };
		18D43E702C9437BF007F0DE9 /* NotesListView.swift */ = {isa = PBXFileReference; fileEncoding = 4; lastKnownFileType = sourcecode.swift; path = NotesListView.swift; sourceTree = "<group>"; };
		18D43E712C9437BF007F0DE9 /* RegistrationView.swift */ = {isa = PBXFileReference; fileEncoding = 4; lastKnownFileType = sourcecode.swift; path = RegistrationView.swift; sourceTree = "<group>"; };
		18D43E722C9437BF007F0DE9 /* AddEditNoteView.swift */ = {isa = PBXFileReference; fileEncoding = 4; lastKnownFileType = sourcecode.swift; path = AddEditNoteView.swift; sourceTree = "<group>"; };
		18D43E732C9437BF007F0DE9 /* NoteViewModel.swift */ = {isa = PBXFileReference; fileEncoding = 4; lastKnownFileType = sourcecode.swift; path = NoteViewModel.swift; sourceTree = "<group>"; };
		18D43E7B2C9447EC007F0DE9 /* NetworkManager.swift */ = {isa = PBXFileReference; lastKnownFileType = sourcecode.swift; path = NetworkManager.swift; sourceTree = "<group>"; };
		18D43E852C944D50007F0DE9 /* Constants.swift */ = {isa = PBXFileReference; lastKnownFileType = sourcecode.swift; path = Constants.swift; sourceTree = "<group>"; };
		18D43E872C944E1F007F0DE9 /* User.swift */ = {isa = PBXFileReference; lastKnownFileType = sourcecode.swift; path = User.swift; sourceTree = "<group>"; };
		18D43E892C944F56007F0DE9 /* APIResponses.swift */ = {isa = PBXFileReference; lastKnownFileType = sourcecode.swift; path = APIResponses.swift; sourceTree = "<group>"; };
		18D43E8B2C9456D2007F0DE9 /* PasswordField.swift */ = {isa = PBXFileReference; lastKnownFileType = sourcecode.swift; path = PasswordField.swift; sourceTree = "<group>"; };
		18D43E8D2C9461D3007F0DE9 /* AddNoteView.swift */ = {isa = PBXFileReference; lastKnownFileType = sourcecode.swift; path = AddNoteView.swift; sourceTree = "<group>"; };
		18D43E8F2C947739007F0DE9 /* EditNoteView.swift */ = {isa = PBXFileReference; lastKnownFileType = sourcecode.swift; path = EditNoteView.swift; sourceTree = "<group>"; };
/* End PBXFileReference section */

/* Begin PBXFrameworksBuildPhase section */
		18D43E4B2C9431AB007F0DE9 /* Frameworks */ = {
			isa = PBXFrameworksBuildPhase;
			buildActionMask = 2147483647;
			files = (
			);
			runOnlyForDeploymentPostprocessing = 0;
		};
/* End PBXFrameworksBuildPhase section */

/* Begin PBXGroup section */
		18D43E452C9431AB007F0DE9 = {
			isa = PBXGroup;
			children = (
				18D43E502C9431AB007F0DE9 /* SecureRequest */,
				18D43E4F2C9431AB007F0DE9 /* Products */,
			);
			sourceTree = "<group>";
		};
		18D43E4F2C9431AB007F0DE9 /* Products */ = {
			isa = PBXGroup;
			children = (
				18D43E4E2C9431AB007F0DE9 /* SecureRequest.app */,
			);
			name = Products;
			sourceTree = "<group>";
		};
		18D43E502C9431AB007F0DE9 /* SecureRequest */ = {
			isa = PBXGroup;
			children = (
				18D43E812C944CBB007F0DE9 /* Views */,
				18D43E802C944CAE007F0DE9 /* Models */,
				18D43E822C944CC2007F0DE9 /* ViewModels */,
				18D43E832C944CCB007F0DE9 /* Networking */,
				18D43E842C944CD4007F0DE9 /* Utilities */,
				18D43E512C9431AB007F0DE9 /* SecureRequestApp.swift */,
				18D43E532C9431AB007F0DE9 /* ContentView.swift */,
				18D43E552C9431AD007F0DE9 /* Assets.xcassets */,
				18D43E572C9431AD007F0DE9 /* Preview Content */,
			);
			path = SecureRequest;
			sourceTree = "<group>";
		};
		18D43E572C9431AD007F0DE9 /* Preview Content */ = {
			isa = PBXGroup;
			children = (
				18D43E582C9431AD007F0DE9 /* Preview Assets.xcassets */,
			);
			path = "Preview Content";
			sourceTree = "<group>";
		};
		18D43E802C944CAE007F0DE9 /* Models */ = {
			isa = PBXGroup;
			children = (
				18D43E6F2C9437BF007F0DE9 /* Note.swift */,
				18D43E892C944F56007F0DE9 /* APIResponses.swift */,
				18D43E872C944E1F007F0DE9 /* User.swift */,
			);
			path = Models;
			sourceTree = "<group>";
		};
		18D43E812C944CBB007F0DE9 /* Views */ = {
			isa = PBXGroup;
			children = (
				18D43E722C9437BF007F0DE9 /* AddEditNoteView.swift */,
				18D43E8F2C947739007F0DE9 /* EditNoteView.swift */,
				18D43E8D2C9461D3007F0DE9 /* AddNoteView.swift */,
				18D43E6E2C9437BF007F0DE9 /* NoteDetailView.swift */,
				18D43E702C9437BF007F0DE9 /* NotesListView.swift */,
				18D43E8B2C9456D2007F0DE9 /* PasswordField.swift */,
				18D43E712C9437BF007F0DE9 /* RegistrationView.swift */,
				18D43E6D2C9437BF007F0DE9 /* LoginView.swift */,
			);
			path = Views;
			sourceTree = "<group>";
		};
		18D43E822C944CC2007F0DE9 /* ViewModels */ = {
			isa = PBXGroup;
			children = (
				18D43E732C9437BF007F0DE9 /* NoteViewModel.swift */,
			);
			path = ViewModels;
			sourceTree = "<group>";
		};
		18D43E832C944CCB007F0DE9 /* Networking */ = {
			isa = PBXGroup;
			children = (
				18D43E7B2C9447EC007F0DE9 /* NetworkManager.swift */,
			);
			path = Networking;
			sourceTree = "<group>";
		};
		18D43E842C944CD4007F0DE9 /* Utilities */ = {
			isa = PBXGroup;
			children = (
				18D43E852C944D50007F0DE9 /* Constants.swift */,
			);
			path = Utilities;
			sourceTree = "<group>";
		};
/* End PBXGroup section */

/* Begin PBXNativeTarget section */
		18D43E4D2C9431AB007F0DE9 /* SecureRequest */ = {
			isa = PBXNativeTarget;
			buildConfigurationList = 18D43E5C2C9431AD007F0DE9 /* Build configuration list for PBXNativeTarget "SecureRequest" */;
			buildPhases = (
				18D43E4A2C9431AB007F0DE9 /* Sources */,
				18D43E4B2C9431AB007F0DE9 /* Frameworks */,
				18D43E4C2C9431AB007F0DE9 /* Resources */,
			);
			buildRules = (
			);
			dependencies = (
			);
			name = SecureRequest;
			productName = SecureRequest;
			productReference = 18D43E4E2C9431AB007F0DE9 /* SecureRequest.app */;
			productType = "com.apple.product-type.application";
		};
/* End PBXNativeTarget section */

/* Begin PBXProject section */
		18D43E462C9431AB007F0DE9 /* Project object */ = {
			isa = PBXProject;
			attributes = {
				BuildIndependentTargetsInParallel = 1;
				LastSwiftUpdateCheck = 1520;
				LastUpgradeCheck = 1520;
				TargetAttributes = {
					18D43E4D2C9431AB007F0DE9 = {
						CreatedOnToolsVersion = 15.2;
					};
				};
			};
			buildConfigurationList = 18D43E492C9431AB007F0DE9 /* Build configuration list for PBXProject "SecureRequest" */;
			compatibilityVersion = "Xcode 14.0";
			developmentRegion = en;
			hasScannedForEncodings = 0;
			knownRegions = (
				en,
				Base,
			);
			mainGroup = 18D43E452C9431AB007F0DE9;
			productRefGroup = 18D43E4F2C9431AB007F0DE9 /* Products */;
			projectDirPath = "";
			projectRoot = "";
			targets = (
				18D43E4D2C9431AB007F0DE9 /* SecureRequest */,
			);
		};
/* End PBXProject section */

/* Begin PBXResourcesBuildPhase section */
		18D43E4C2C9431AB007F0DE9 /* Resources */ = {
			isa = PBXResourcesBuildPhase;
			buildActionMask = 2147483647;
			files = (
				18D43E592C9431AD007F0DE9 /* Preview Assets.xcassets in Resources */,
				18D43E562C9431AD007F0DE9 /* Assets.xcassets in Resources */,
			);
			runOnlyForDeploymentPostprocessing = 0;
		};
/* End PBXResourcesBuildPhase section */

/* Begin PBXSourcesBuildPhase section */
		18D43E4A2C9431AB007F0DE9 /* Sources */ = {
			isa = PBXSourcesBuildPhase;
			buildActionMask = 2147483647;
			files = (
				18D43E882C944E1F007F0DE9 /* User.swift in Sources */,
				18D43E792C9437BF007F0DE9 /* AddEditNoteView.swift in Sources */,
				18D43E762C9437BF007F0DE9 /* Note.swift in Sources */,
				18D43E7C2C9447EC007F0DE9 /* NetworkManager.swift in Sources */,
				18D43E902C947739007F0DE9 /* EditNoteView.swift in Sources */,
				18D43E8A2C944F56007F0DE9 /* APIResponses.swift in Sources */,
				18D43E7A2C9437BF007F0DE9 /* NoteViewModel.swift in Sources */,
				18D43E742C9437BF007F0DE9 /* LoginView.swift in Sources */,
				18D43E542C9431AB007F0DE9 /* ContentView.swift in Sources */,
				18D43E782C9437BF007F0DE9 /* RegistrationView.swift in Sources */,
				18D43E8E2C9461D3007F0DE9 /* AddNoteView.swift in Sources */,
				18D43E522C9431AB007F0DE9 /* SecureRequestApp.swift in Sources */,
				18D43E772C9437BF007F0DE9 /* NotesListView.swift in Sources */,
				18D43E8C2C9456D2007F0DE9 /* PasswordField.swift in Sources */,
				18D43E752C9437BF007F0DE9 /* NoteDetailView.swift in Sources */,
				18D43E862C944D50007F0DE9 /* Constants.swift in Sources */,
			);
			runOnlyForDeploymentPostprocessing = 0;
		};
/* End PBXSourcesBuildPhase section */

/* Begin XCBuildConfiguration section */
		18D43E5A2C9431AD007F0DE9 /* Debug */ = {
			isa = XCBuildConfiguration;
			buildSettings = {
				ALWAYS_SEARCH_USER_PATHS = NO;
				ASSETCATALOG_COMPILER_GENERATE_SWIFT_ASSET_SYMBOL_EXTENSIONS = YES;
				CLANG_ANALYZER_NONNULL = YES;
				CLANG_ANALYZER_NUMBER_OBJECT_CONVERSION = YES_AGGRESSIVE;
				CLANG_CXX_LANGUAGE_STANDARD = "gnu++20";
				CLANG_ENABLE_MODULES = YES;
				CLANG_ENABLE_OBJC_ARC = YES;
				CLANG_ENABLE_OBJC_WEAK = YES;
				CLANG_WARN_BLOCK_CAPTURE_AUTORELEASING = YES;
				CLANG_WARN_BOOL_CONVERSION = YES;
				CLANG_WARN_COMMA = YES;
				CLANG_WARN_CONSTANT_CONVERSION = YES;
				CLANG_WARN_DEPRECATED_OBJC_IMPLEMENTATIONS = YES;
				CLANG_WARN_DIRECT_OBJC_ISA_USAGE = YES_ERROR;
				CLANG_WARN_DOCUMENTATION_COMMENTS = YES;
				CLANG_WARN_EMPTY_BODY = YES;
				CLANG_WARN_ENUM_CONVERSION = YES;
				CLANG_WARN_INFINITE_RECURSION = YES;
				CLANG_WARN_INT_CONVERSION = YES;
				CLANG_WARN_NON_LITERAL_NULL_CONVERSION = YES;
				CLANG_WARN_OBJC_IMPLICIT_RETAIN_SELF = YES;
				CLANG_WARN_OBJC_LITERAL_CONVERSION = YES;
				CLANG_WARN_OBJC_ROOT_CLASS = YES_ERROR;
				CLANG_WARN_QUOTED_INCLUDE_IN_FRAMEWORK_HEADER = YES;
				CLANG_WARN_RANGE_LOOP_ANALYSIS = YES;
				CLANG_WARN_STRICT_PROTOTYPES = YES;
				CLANG_WARN_SUSPICIOUS_MOVE = YES;
				CLANG_WARN_UNGUARDED_AVAILABILITY = YES_AGGRESSIVE;
				CLANG_WARN_UNREACHABLE_CODE = YES;
				CLANG_WARN__DUPLICATE_METHOD_MATCH = YES;
				COPY_PHASE_STRIP = NO;
				DEBUG_INFORMATION_FORMAT = dwarf;
				ENABLE_STRICT_OBJC_MSGSEND = YES;
				ENABLE_TESTABILITY = YES;
				ENABLE_USER_SCRIPT_SANDBOXING = YES;
				GCC_C_LANGUAGE_STANDARD = gnu17;
				GCC_DYNAMIC_NO_PIC = NO;
				GCC_NO_COMMON_BLOCKS = YES;
				GCC_OPTIMIZATION_LEVEL = 0;
				GCC_PREPROCESSOR_DEFINITIONS = (
					"DEBUG=1",
					"$(inherited)",
				);
				GCC_WARN_64_TO_32_BIT_CONVERSION = YES;
				GCC_WARN_ABOUT_RETURN_TYPE = YES_ERROR;
				GCC_WARN_UNDECLARED_SELECTOR = YES;
				GCC_WARN_UNINITIALIZED_AUTOS = YES_AGGRESSIVE;
				GCC_WARN_UNUSED_FUNCTION = YES;
				GCC_WARN_UNUSED_VARIABLE = YES;
				IPHONEOS_DEPLOYMENT_TARGET = 17.2;
				LOCALIZATION_PREFERS_STRING_CATALOGS = YES;
				MTL_ENABLE_DEBUG_INFO = INCLUDE_SOURCE;
				MTL_FAST_MATH = YES;
				ONLY_ACTIVE_ARCH = YES;
				SDKROOT = iphoneos;
				SWIFT_ACTIVE_COMPILATION_CONDITIONS = "DEBUG $(inherited)";
				SWIFT_OPTIMIZATION_LEVEL = "-Onone";
			};
			name = Debug;
		};
		18D43E5B2C9431AD007F0DE9 /* Release */ = {
			isa = XCBuildConfiguration;
			buildSettings = {
				ALWAYS_SEARCH_USER_PATHS = NO;
				ASSETCATALOG_COMPILER_GENERATE_SWIFT_ASSET_SYMBOL_EXTENSIONS = YES;
				CLANG_ANALYZER_NONNULL = YES;
				CLANG_ANALYZER_NUMBER_OBJECT_CONVERSION = YES_AGGRESSIVE;
				CLANG_CXX_LANGUAGE_STANDARD = "gnu++20";
				CLANG_ENABLE_MODULES = YES;
				CLANG_ENABLE_OBJC_ARC = YES;
				CLANG_ENABLE_OBJC_WEAK = YES;
				CLANG_WARN_BLOCK_CAPTURE_AUTORELEASING = YES;
				CLANG_WARN_BOOL_CONVERSION = YES;
				CLANG_WARN_COMMA = YES;
				CLANG_WARN_CONSTANT_CONVERSION = YES;
				CLANG_WARN_DEPRECATED_OBJC_IMPLEMENTATIONS = YES;
				CLANG_WARN_DIRECT_OBJC_ISA_USAGE = YES_ERROR;
				CLANG_WARN_DOCUMENTATION_COMMENTS = YES;
				CLANG_WARN_EMPTY_BODY = YES;
				CLANG_WARN_ENUM_CONVERSION = YES;
				CLANG_WARN_INFINITE_RECURSION = YES;
				CLANG_WARN_INT_CONVERSION = YES;
				CLANG_WARN_NON_LITERAL_NULL_CONVERSION = YES;
				CLANG_WARN_OBJC_IMPLICIT_RETAIN_SELF = YES;
				CLANG_WARN_OBJC_LITERAL_CONVERSION = YES;
				CLANG_WARN_OBJC_ROOT_CLASS = YES_ERROR;
				CLANG_WARN_QUOTED_INCLUDE_IN_FRAMEWORK_HEADER = YES;
				CLANG_WARN_RANGE_LOOP_ANALYSIS = YES;
				CLANG_WARN_STRICT_PROTOTYPES = YES;
				CLANG_WARN_SUSPICIOUS_MOVE = YES;
				CLANG_WARN_UNGUARDED_AVAILABILITY = YES_AGGRESSIVE;
				CLANG_WARN_UNREACHABLE_CODE = YES;
				CLANG_WARN__DUPLICATE_METHOD_MATCH = YES;
				COPY_PHASE_STRIP = NO;
				DEBUG_INFORMATION_FORMAT = "dwarf-with-dsym";
				ENABLE_NS_ASSERTIONS = NO;
				ENABLE_STRICT_OBJC_MSGSEND = YES;
				ENABLE_USER_SCRIPT_SANDBOXING = YES;
				GCC_C_LANGUAGE_STANDARD = gnu17;
				GCC_NO_COMMON_BLOCKS = YES;
				GCC_WARN_64_TO_32_BIT_CONVERSION = YES;
				GCC_WARN_ABOUT_RETURN_TYPE = YES_ERROR;
				GCC_WARN_UNDECLARED_SELECTOR = YES;
				GCC_WARN_UNINITIALIZED_AUTOS = YES_AGGRESSIVE;
				GCC_WARN_UNUSED_FUNCTION = YES;
				GCC_WARN_UNUSED_VARIABLE = YES;
				IPHONEOS_DEPLOYMENT_TARGET = 17.2;
				LOCALIZATION_PREFERS_STRING_CATALOGS = YES;
				MTL_ENABLE_DEBUG_INFO = NO;
				MTL_FAST_MATH = YES;
				SDKROOT = iphoneos;
				SWIFT_COMPILATION_MODE = wholemodule;
				VALIDATE_PRODUCT = YES;
			};
			name = Release;
		};
		18D43E5D2C9431AD007F0DE9 /* Debug */ = {
			isa = XCBuildConfiguration;
			buildSettings = {
				ASSETCATALOG_COMPILER_APPICON_NAME = AppIcon;
				ASSETCATALOG_COMPILER_GLOBAL_ACCENT_COLOR_NAME = AccentColor;
				CODE_SIGN_STYLE = Automatic;
				CURRENT_PROJECT_VERSION = 1;
				DEVELOPMENT_ASSET_PATHS = "\"SecureRequest/Preview Content\"";
				DEVELOPMENT_TEAM = AYRP7NNB54;
				ENABLE_PREVIEWS = YES;
				GENERATE_INFOPLIST_FILE = YES;
				INFOPLIST_KEY_CFBundleDisplayName = SecureRequest;
				INFOPLIST_KEY_UIApplicationSceneManifest_Generation = YES;
				INFOPLIST_KEY_UIApplicationSupportsIndirectInputEvents = YES;
				INFOPLIST_KEY_UILaunchScreen_Generation = YES;
				INFOPLIST_KEY_UISupportedInterfaceOrientations_iPad = "UIInterfaceOrientationPortrait UIInterfaceOrientationPortraitUpsideDown UIInterfaceOrientationLandscapeLeft UIInterfaceOrientationLandscapeRight";
				INFOPLIST_KEY_UISupportedInterfaceOrientations_iPhone = "UIInterfaceOrientationPortrait UIInterfaceOrientationLandscapeLeft UIInterfaceOrientationLandscapeRight";
				IPHONEOS_DEPLOYMENT_TARGET = 15.0;
				LD_RUNPATH_SEARCH_PATHS = (
					"$(inherited)",
					"@executable_path/Frameworks",
				);
				MARKETING_VERSION = 1.0;
				PRODUCT_BUNDLE_IDENTIFIER = com.appknox.SecureRequest;
				PRODUCT_NAME = "$(TARGET_NAME)";
				SUPPORTED_PLATFORMS = "iphoneos iphonesimulator";
				SUPPORTS_MACCATALYST = NO;
				SUPPORTS_MAC_DESIGNED_FOR_IPHONE_IPAD = NO;
				SUPPORTS_XR_DESIGNED_FOR_IPHONE_IPAD = NO;
				SWIFT_EMIT_LOC_STRINGS = YES;
				SWIFT_VERSION = 5.0;
				TARGETED_DEVICE_FAMILY = 1;
			};
			name = Debug;
		};
		18D43E5E2C9431AD007F0DE9 /* Release */ = {
			isa = XCBuildConfiguration;
			buildSettings = {
				ASSETCATALOG_COMPILER_APPICON_NAME = AppIcon;
				ASSETCATALOG_COMPILER_GLOBAL_ACCENT_COLOR_NAME = AccentColor;
				CODE_SIGN_STYLE = Automatic;
				CURRENT_PROJECT_VERSION = 1;
				DEVELOPMENT_ASSET_PATHS = "\"SecureRequest/Preview Content\"";
				DEVELOPMENT_TEAM = AYRP7NNB54;
				ENABLE_PREVIEWS = YES;
				GENERATE_INFOPLIST_FILE = YES;
				INFOPLIST_KEY_CFBundleDisplayName = SecureRequest;
				INFOPLIST_KEY_UIApplicationSceneManifest_Generation = YES;
				INFOPLIST_KEY_UIApplicationSupportsIndirectInputEvents = YES;
				INFOPLIST_KEY_UILaunchScreen_Generation = YES;
				INFOPLIST_KEY_UISupportedInterfaceOrientations_iPad = "UIInterfaceOrientationPortrait UIInterfaceOrientationPortraitUpsideDown UIInterfaceOrientationLandscapeLeft UIInterfaceOrientationLandscapeRight";
				INFOPLIST_KEY_UISupportedInterfaceOrientations_iPhone = "UIInterfaceOrientationPortrait UIInterfaceOrientationLandscapeLeft UIInterfaceOrientationLandscapeRight";
				IPHONEOS_DEPLOYMENT_TARGET = 15.0;
				LD_RUNPATH_SEARCH_PATHS = (
					"$(inherited)",
					"@executable_path/Frameworks",
				);
				MARKETING_VERSION = 1.0;
				PRODUCT_BUNDLE_IDENTIFIER = com.appknox.SecureRequest;
				PRODUCT_NAME = "$(TARGET_NAME)";
				SUPPORTED_PLATFORMS = "iphoneos iphonesimulator";
				SUPPORTS_MACCATALYST = NO;
				SUPPORTS_MAC_DESIGNED_FOR_IPHONE_IPAD = NO;
				SUPPORTS_XR_DESIGNED_FOR_IPHONE_IPAD = NO;
				SWIFT_EMIT_LOC_STRINGS = YES;
				SWIFT_VERSION = 5.0;
				TARGETED_DEVICE_FAMILY = 1;
			};
			name = Release;
		};
/* End XCBuildConfiguration section */

/* Begin XCConfigurationList section */
		18D43E492C9431AB007F0DE9 /* Build configuration list for PBXProject "SecureRequest" */ = {
			isa = XCConfigurationList;
			buildConfigurations = (
				18D43E5A2C9431AD007F0DE9 /* Debug */,
				18D43E5B2C9431AD007F0DE9 /* Release */,
			);
			defaultConfigurationIsVisible = 0;
			defaultConfigurationName = Release;
		};
		18D43E5C2C9431AD007F0DE9 /* Build configuration list for PBXNativeTarget "SecureRequest" */ = {
			isa = XCConfigurationList;
			buildConfigurations = (
				18D43E5D2C9431AD007F0DE9 /* Debug */,
				18D43E5E2C9431AD007F0DE9 /* Release */,
			);
			defaultConfigurationIsVisible = 0;
			defaultConfigurationName = Release;
		};
/* End XCConfigurationList section */
	};
	rootObject = 18D43E462C9431AB007F0DE9 /* Project object */;
}
